
Microsoft Visual Studio Solution File, Format Version 12.00
# Visual Studio Version 17
VisualStudioVersion = 17.2.32519.379
MinimumVisualStudioVersion = 10.0.40219.1
Project("{9A19103F-16F7-4668-BE54-9A1E7A4F7556}") = "CensusAnalyser", "CensusAnalyser.csproj", "{BEBD3054-6E55-440A-A422-942F57C21AD7}"
EndProject
Project("{FAE04EC0-301F-11D3-BF4B-00C04F79EFBC}") = "CensusAnalyserTesting", "..\CensusAnalyserTesting\CensusAnalyserTesting.csproj", "{98500A1D-FEE1-4193-A034-C48673D09156}"
EndProject
Global
	GlobalSection(SolutionConfigurationPlatforms) = preSolution
		Debug|Any CPU = Debug|Any CPU
		Release|Any CPU = Release|Any CPU
	EndGlobalSection
	GlobalSection(ProjectConfigurationPlatforms) = postSolution
		{BEBD3054-6E55-440A-A422-942F57C21AD7}.Debug|Any CPU.ActiveCfg = Debug|Any CPU
		{BEBD3054-6E55-440A-A422-942F57C21AD7}.Debug|Any CPU.Build.0 = Debug|Any CPU
		{BEBD3054-6E55-440A-A422-942F57C21AD7}.Release|Any CPU.ActiveCfg = Release|Any CPU
		{BEBD3054-6E55-440A-A422-942F57C21AD7}.Release|Any CPU.Build.0 = Release|Any CPU
		{98500A1D-FEE1-4193-A034-C48673D09156}.Debug|Any CPU.ActiveCfg = Debug|Any CPU
		{98500A1D-FEE1-4193-A034-C48673D09156}.Debug|Any CPU.Build.0 = Debug|Any CPU
		{98500A1D-FEE1-4193-A034-C48673D09156}.Release|Any CPU.ActiveCfg = Release|Any CPU
		{98500A1D-FEE1-4193-A034-C48673D09156}.Release|Any CPU.Build.0 = Release|Any CPU
	EndGlobalSection
	GlobalSection(SolutionProperties) = preSolution
		HideSolutionNode = FALSE
	EndGlobalSection
	GlobalSection(ExtensibilityGlobals) = postSolution
		SolutionGuid = {FEEF7080-E372-4351-B8A6-01B9D21AD03C}
	EndGlobalSection
EndGlobal
